
Microsoft Visual Studio Solution File, Format Version 12.00
# Visual Studio Version 17
VisualStudioVersion = 17.9.34728.123
MinimumVisualStudioVersion = 10.0.40219.1
Project("{FAE04EC0-301F-11D3-BF4B-00C04F79EFBC}") = "Task-14", "Task-14\Task-14.csproj", "{C942E033-9FC6-436D-9300-B8A860AAA52A}"
EndProject
Global
	GlobalSection(SolutionConfigurationPlatforms) = preSolution
		Debug|Any CPU = Debug|Any CPU
		Release|Any CPU = Release|Any CPU
	EndGlobalSection
	GlobalSection(ProjectConfigurationPlatforms) = postSolution
		{C942E033-9FC6-436D-9300-B8A860AAA52A}.Debug|Any CPU.ActiveCfg = Debug|Any CPU
		{C942E033-9FC6-436D-9300-B8A860AAA52A}.Debug|Any CPU.Build.0 = Debug|Any CPU
		{C942E033-9FC6-436D-9300-B8A860AAA52A}.Release|Any CPU.ActiveCfg = Release|Any CPU
		{C942E033-9FC6-436D-9300-B8A860AAA52A}.Release|Any CPU.Build.0 = Release|Any CPU
	EndGlobalSection
	GlobalSection(SolutionProperties) = preSolution
		HideSolutionNode = FALSE
	EndGlobalSection
	GlobalSection(ExtensibilityGlobals) = postSolution
		SolutionGuid = {5A2DA473-BAA4-4196-9E92-09FA95B3152C}
	EndGlobalSection
EndGlobal
